
Microsoft Visual Studio Solution File, Format Version 12.00
# Visual Studio Version 16
VisualStudioVersion = 16.0.32929.386
MinimumVisualStudioVersion = 10.0.40219.1
Project("{FAE04EC0-301F-11D3-BF4B-00C04F79EFBC}") = "XSS_stored", "XSS_stored\XSS_stored.csproj", "{CCFAA938-5FF4-4221-BE44-DF6684271AFF}"
EndProject
Global
	GlobalSection(SolutionConfigurationPlatforms) = preSolution
		Debug|Any CPU = Debug|Any CPU
		Release|Any CPU = Release|Any CPU
	EndGlobalSection
	GlobalSection(ProjectConfigurationPlatforms) = postSolution
		{CCFAA938-5FF4-4221-BE44-DF6684271AFF}.Debug|Any CPU.ActiveCfg = Debug|Any CPU
		{CCFAA938-5FF4-4221-BE44-DF6684271AFF}.Debug|Any CPU.Build.0 = Debug|Any CPU
		{CCFAA938-5FF4-4221-BE44-DF6684271AFF}.Release|Any CPU.ActiveCfg = Release|Any CPU
		{CCFAA938-5FF4-4221-BE44-DF6684271AFF}.Release|Any CPU.Build.0 = Release|Any CPU
	EndGlobalSection
	GlobalSection(SolutionProperties) = preSolution
		HideSolutionNode = FALSE
	EndGlobalSection
	GlobalSection(ExtensibilityGlobals) = postSolution
		SolutionGuid = {BF58E366-5A78-4DE5-AFFB-C3714FEBBDF2}
	EndGlobalSection
EndGlobal
